// !$*UTF8*$!
{
	archiveVersion = 1;
	classes = {
	};
	objectVersion = 46;
	objects = {

/* Begin PBXBuildFile section */
		F290AAD81E45790A0085F3F8 /* AppDelegate.swift in Sources */ = {isa = PBXBuildFile; fileRef = F290AAD71E45790A0085F3F8 /* AppDelegate.swift */; };
		F290AADA1E45790A0085F3F8 /* ViewController.swift in Sources */ = {isa = PBXBuildFile; fileRef = F290AAD91E45790A0085F3F8 /* ViewController.swift */; };
		F290AADD1E45790A0085F3F8 /* Main.storyboard in Resources */ = {isa = PBXBuildFile; fileRef = F290AADB1E45790A0085F3F8 /* Main.storyboard */; };
		F290AADF1E45790A0085F3F8 /* Assets.xcassets in Resources */ = {isa = PBXBuildFile; fileRef = F290AADE1E45790A0085F3F8 /* Assets.xcassets */; };
		F290AAE21E45790A0085F3F8 /* LaunchScreen.storyboard in Resources */ = {isa = PBXBuildFile; fileRef = F290AAE01E45790A0085F3F8 /* LaunchScreen.storyboard */; };
		F290AAED1E45790A0085F3F8 /* Homework1Tests.swift in Sources */ = {isa = PBXBuildFile; fileRef = F290AAEC1E45790A0085F3F8 /* Homework1Tests.swift */; };
		F290AAF81E45790A0085F3F8 /* Homework1UITests.swift in Sources */ = {isa = PBXBuildFile; fileRef = F290AAF71E45790A0085F3F8 /* Homework1UITests.swift */; };
		F2C3E67F1E517365003F73E7 /* PictureStruct.swift in Sources */ = {isa = PBXBuildFile; fileRef = F2C3E67E1E517365003F73E7 /* PictureStruct.swift */; };
		F2C3E6831E517EA8003F73E7 /* PictureList.swift in Sources */ = {isa = PBXBuildFile; fileRef = F2C3E6821E517EA8003F73E7 /* PictureList.swift */; };
/* End PBXBuildFile section */

/* Begin PBXContainerItemProxy section */
		F290AAE91E45790A0085F3F8 /* PBXContainerItemProxy */ = {
			isa = PBXContainerItemProxy;
			containerPortal = F290AACC1E45790A0085F3F8 /* Project object */;
			proxyType = 1;
			remoteGlobalIDString = F290AAD31E45790A0085F3F8;
			remoteInfo = Homework1;
		};
		F290AAF41E45790A0085F3F8 /* PBXContainerItemProxy */ = {
			isa = PBXContainerItemProxy;
			containerPortal = F290AACC1E45790A0085F3F8 /* Project object */;
			proxyType = 1;
			remoteGlobalIDString = F290AAD31E45790A0085F3F8;
			remoteInfo = Homework1;
		};
/* End PBXContainerItemProxy section */

/* Begin PBXFileReference section */
		F290AAD41E45790A0085F3F8 /* Homework1.app */ = {isa = PBXFileReference; explicitFileType = wrapper.application; includeInIndex = 0; path = Homework1.app; sourceTree = BUILT_PRODUCTS_DIR; };
		F290AAD71E45790A0085F3F8 /* AppDelegate.swift */ = {isa = PBXFileReference; lastKnownFileType = sourcecode.swift; path = AppDelegate.swift; sourceTree = "<group>"; };
		F290AAD91E45790A0085F3F8 /* ViewController.swift */ = {isa = PBXFileReference; lastKnownFileType = sourcecode.swift; path = ViewController.swift; sourceTree = "<group>"; };
		F290AADC1E45790A0085F3F8 /* Base */ = {isa = PBXFileReference; lastKnownFileType = file.storyboard; name = Base; path = Base.lproj/Main.storyboard; sourceTree = "<group>"; };
		F290AADE1E45790A0085F3F8 /* Assets.xcassets */ = {isa = PBXFileReference; lastKnownFileType = folder.assetcatalog; path = Assets.xcassets; sourceTree = "<group>"; };
		F290AAE11E45790A0085F3F8 /* Base */ = {isa = PBXFileReference; lastKnownFileType = file.storyboard; name = Base; path = Base.lproj/LaunchScreen.storyboard; sourceTree = "<group>"; };
		F290AAE31E45790A0085F3F8 /* Info.plist */ = {isa = PBXFileReference; lastKnownFileType = text.plist.xml; path = Info.plist; sourceTree = "<group>"; };
		F290AAE81E45790A0085F3F8 /* Homework1Tests.xctest */ = {isa = PBXFileReference; explicitFileType = wrapper.cfbundle; includeInIndex = 0; path = Homework1Tests.xctest; sourceTree = BUILT_PRODUCTS_DIR; };
		F290AAEC1E45790A0085F3F8 /* Homework1Tests.swift */ = {isa = PBXFileReference; lastKnownFileType = sourcecode.swift; path = Homework1Tests.swift; sourceTree = "<group>"; };
		F290AAEE1E45790A0085F3F8 /* Info.plist */ = {isa = PBXFileReference; lastKnownFileType = text.plist.xml; path = Info.plist; sourceTree = "<group>"; };
		F290AAF31E45790A0085F3F8 /* Homework1UITests.xctest */ = {isa = PBXFileReference; explicitFileType = wrapper.cfbundle; includeInIndex = 0; path = Homework1UITests.xctest; sourceTree = BUILT_PRODUCTS_DIR; };
		F290AAF71E45790A0085F3F8 /* Homework1UITests.swift */ = {isa = PBXFileReference; lastKnownFileType = sourcecode.swift; path = Homework1UITests.swift; sourceTree = "<group>"; };
		F290AAF91E45790A0085F3F8 /* Info.plist */ = {isa = PBXFileReference; lastKnownFileType = text.plist.xml; path = Info.plist; sourceTree = "<group>"; };
		F2C3E67E1E517365003F73E7 /* PictureStruct.swift */ = {isa = PBXFileReference; fileEncoding = 4; lastKnownFileType = sourcecode.swift; path = PictureStruct.swift; sourceTree = "<group>"; };
		F2C3E6821E517EA8003F73E7 /* PictureList.swift */ = {isa = PBXFileReference; fileEncoding = 4; lastKnownFileType = sourcecode.swift; name = PictureList.swift; path = ../PictureList.swift; sourceTree = "<group>"; };
/* End PBXFileReference section */

/* Begin PBXFrameworksBuildPhase section */
		F290AAD11E45790A0085F3F8 /* Frameworks */ = {
			isa = PBXFrameworksBuildPhase;
			buildActionMask = 2147483647;
			files = (
			);
			runOnlyForDeploymentPostprocessing = 0;
		};
		F290AAE51E45790A0085F3F8 /* Frameworks */ = {
			isa = PBXFrameworksBuildPhase;
			buildActionMask = 2147483647;
			files = (
			);
			runOnlyForDeploymentPostprocessing = 0;
		};
		F290AAF01E45790A0085F3F8 /* Frameworks */ = {
			isa = PBXFrameworksBuildPhase;
			buildActionMask = 2147483647;
			files = (
			);
			runOnlyForDeploymentPostprocessing = 0;
		};
/* End PBXFrameworksBuildPhase section */

/* Begin PBXGroup section */
		F290AACB1E45790A0085F3F8 = {
			isa = PBXGroup;
			children = (
				F290AAD61E45790A0085F3F8 /* Homework1 */,
				F290AAEB1E45790A0085F3F8 /* Homework1Tests */,
				F290AAF61E45790A0085F3F8 /* Homework1UITests */,
				F290AAD51E45790A0085F3F8 /* Products */,
			);
			sourceTree = "<group>";
		};
		F290AAD51E45790A0085F3F8 /* Products */ = {
			isa = PBXGroup;
			children = (
				F290AAD41E45790A0085F3F8 /* Homework1.app */,
				F290AAE81E45790A0085F3F8 /* Homework1Tests.xctest */,
				F290AAF31E45790A0085F3F8 /* Homework1UITests.xctest */,
			);
			name = Products;
			sourceTree = "<group>";
		};
		F290AAD61E45790A0085F3F8 /* Homework1 */ = {
			isa = PBXGroup;
			children = (
				F2C3E6821E517EA8003F73E7 /* PictureList.swift */,
				F290AAD71E45790A0085F3F8 /* AppDelegate.swift */,
				F290AAD91E45790A0085F3F8 /* ViewController.swift */,
				F290AADB1E45790A0085F3F8 /* Main.storyboard */,
				F290AADE1E45790A0085F3F8 /* Assets.xcassets */,
				F290AAE01E45790A0085F3F8 /* LaunchScreen.storyboard */,
				F290AAE31E45790A0085F3F8 /* Info.plist */,
				F2C3E67E1E517365003F73E7 /* PictureStruct.swift */,
			);
			path = Homework1;
			sourceTree = "<group>";
		};
		F290AAEB1E45790A0085F3F8 /* Homework1Tests */ = {
			isa = PBXGroup;
			children = (
				F290AAEC1E45790A0085F3F8 /* Homework1Tests.swift */,
				F290AAEE1E45790A0085F3F8 /* Info.plist */,
			);
			path = Homework1Tests;
			sourceTree = "<group>";
		};
		F290AAF61E45790A0085F3F8 /* Homework1UITests */ = {
			isa = PBXGroup;
			children = (
				F290AAF71E45790A0085F3F8 /* Homework1UITests.swift */,
				F290AAF91E45790A0085F3F8 /* Info.plist */,
			);
			path = Homework1UITests;
			sourceTree = "<group>";
		};
/* End PBXGroup section */

/* Begin PBXNativeTarget section */
		F290AAD31E45790A0085F3F8 /* Homework1 */ = {
			isa = PBXNativeTarget;
			buildConfigurationList = F290AAFC1E45790A0085F3F8 /* Build configuration list for PBXNativeTarget "Homework1" */;
			buildPhases = (
				F290AAD01E45790A0085F3F8 /* Sources */,
				F290AAD11E45790A0085F3F8 /* Frameworks */,
				F290AAD21E45790A0085F3F8 /* Resources */,
			);
			buildRules = (
			);
			dependencies = (
			);
			name = Homework1;
			productName = Homework1;
			productReference = F290AAD41E45790A0085F3F8 /* Homework1.app */;
			productType = "com.apple.product-type.application";
		};
		F290AAE71E45790A0085F3F8 /* Homework1Tests */ = {
			isa = PBXNativeTarget;
			buildConfigurationList = F290AAFF1E45790A0085F3F8 /* Build configuration list for PBXNativeTarget "Homework1Tests" */;
			buildPhases = (
				F290AAE41E45790A0085F3F8 /* Sources */,
				F290AAE51E45790A0085F3F8 /* Frameworks */,
				F290AAE61E45790A0085F3F8 /* Resources */,
			);
			buildRules = (
			);
			dependencies = (
				F290AAEA1E45790A0085F3F8 /* PBXTargetDependency */,
			);
			name = Homework1Tests;
			productName = Homework1Tests;
			productReference = F290AAE81E45790A0085F3F8 /* Homework1Tests.xctest */;
			productType = "com.apple.product-type.bundle.unit-test";
		};
		F290AAF21E45790A0085F3F8 /* Homework1UITests */ = {
			isa = PBXNativeTarget;
			buildConfigurationList = F290AB021E45790A0085F3F8 /* Build configuration list for PBXNativeTarget "Homework1UITests" */;
			buildPhases = (
				F290AAEF1E45790A0085F3F8 /* Sources */,
				F290AAF01E45790A0085F3F8 /* Frameworks */,
				F290AAF11E45790A0085F3F8 /* Resources */,
			);
			buildRules = (
			);
			dependencies = (
				F290AAF51E45790A0085F3F8 /* PBXTargetDependency */,
			);
			name = Homework1UITests;
			productName = Homework1UITests;
			productReference = F290AAF31E45790A0085F3F8 /* Homework1UITests.xctest */;
			productType = "com.apple.product-type.bundle.ui-testing";
		};
/* End PBXNativeTarget section */

/* Begin PBXProject section */
		F290AACC1E45790A0085F3F8 /* Project object */ = {
			isa = PBXProject;
			attributes = {
				LastSwiftUpdateCheck = 0820;
				LastUpgradeCheck = 0820;
				ORGANIZATIONNAME = "Ten-Seng Guh";
				TargetAttributes = {
					F290AAD31E45790A0085F3F8 = {
						CreatedOnToolsVersion = 8.2.1;
						ProvisioningStyle = Automatic;
					};
					F290AAE71E45790A0085F3F8 = {
						CreatedOnToolsVersion = 8.2.1;
						ProvisioningStyle = Automatic;
						TestTargetID = F290AAD31E45790A0085F3F8;
					};
					F290AAF21E45790A0085F3F8 = {
						CreatedOnToolsVersion = 8.2.1;
						ProvisioningStyle = Automatic;
						TestTargetID = F290AAD31E45790A0085F3F8;
					};
				};
			};
			buildConfigurationList = F290AACF1E45790A0085F3F8 /* Build configuration list for PBXProject "Homework1" */;
			compatibilityVersion = "Xcode 3.2";
			developmentRegion = English;
			hasScannedForEncodings = 0;
			knownRegions = (
				en,
				Base,
			);
			mainGroup = F290AACB1E45790A0085F3F8;
			productRefGroup = F290AAD51E45790A0085F3F8 /* Products */;
			projectDirPath = "";
			projectRoot = "";
			targets = (
				F290AAD31E45790A0085F3F8 /* Homework1 */,
				F290AAE71E45790A0085F3F8 /* Homework1Tests */,
				F290AAF21E45790A0085F3F8 /* Homework1UITests */,
			);
		};
/* End PBXProject section */

/* Begin PBXResourcesBuildPhase section */
		F290AAD21E45790A0085F3F8 /* Resources */ = {
			isa = PBXResourcesBuildPhase;
			buildActionMask = 2147483647;
			files = (
				F290AAE21E45790A0085F3F8 /* LaunchScreen.storyboard in Resources */,
				F290AADF1E45790A0085F3F8 /* Assets.xcassets in Resources */,
				F290AADD1E45790A0085F3F8 /* Main.storyboard in Resources */,
			);
			runOnlyForDeploymentPostprocessing = 0;
		};
		F290AAE61E45790A0085F3F8 /* Resources */ = {
			isa = PBXResourcesBuildPhase;
			buildActionMask = 2147483647;
			files = (
			);
			runOnlyForDeploymentPostprocessing = 0;
		};
		F290AAF11E45790A0085F3F8 /* Resources */ = {
			isa = PBXResourcesBuildPhase;
			buildActionMask = 2147483647;
			files = (
			);
			runOnlyForDeploymentPostprocessing = 0;
		};
/* End PBXResourcesBuildPhase section */

/* Begin PBXSourcesBuildPhase section */
		F290AAD01E45790A0085F3F8 /* Sources */ = {
			isa = PBXSourcesBuildPhase;
			buildActionMask = 2147483647;
			files = (
				F2C3E6831E517EA8003F73E7 /* PictureList.swift in Sources */,
				F290AADA1E45790A0085F3F8 /* ViewController.swift in Sources */,
				F2C3E67F1E517365003F73E7 /* PictureStruct.swift in Sources */,
				F290AAD81E45790A0085F3F8 /* AppDelegate.swift in Sources */,
			);
			runOnlyForDeploymentPostprocessing = 0;
		};
		F290AAE41E45790A0085F3F8 /* Sources */ = {
			isa = PBXSourcesBuildPhase;
			buildActionMask = 2147483647;
			files = (
				F290AAED1E45790A0085F3F8 /* Homework1Tests.swift in Sources */,
			);
			runOnlyForDeploymentPostprocessing = 0;
		};
		F290AAEF1E45790A0085F3F8 /* Sources */ = {
			isa = PBXSourcesBuildPhase;
			buildActionMask = 2147483647;
			files = (
				F290AAF81E45790A0085F3F8 /* Homework1UITests.swift in Sources */,
			);
			runOnlyForDeploymentPostprocessing = 0;
		};
/* End PBXSourcesBuildPhase section */

/* Begin PBXTargetDependency section */
		F290AAEA1E45790A0085F3F8 /* PBXTargetDependency */ = {
			isa = PBXTargetDependency;
			target = F290AAD31E45790A0085F3F8 /* Homework1 */;
			targetProxy = F290AAE91E45790A0085F3F8 /* PBXContainerItemProxy */;
		};
		F290AAF51E45790A0085F3F8 /* PBXTargetDependency */ = {
			isa = PBXTargetDependency;
			target = F290AAD31E45790A0085F3F8 /* Homework1 */;
			targetProxy = F290AAF41E45790A0085F3F8 /* PBXContainerItemProxy */;
		};
/* End PBXTargetDependency section */

/* Begin PBXVariantGroup section */
		F290AADB1E45790A0085F3F8 /* Main.storyboard */ = {
			isa = PBXVariantGroup;
			children = (
				F290AADC1E45790A0085F3F8 /* Base */,
			);
			name = Main.storyboard;
			sourceTree = "<group>";
		};
		F290AAE01E45790A0085F3F8 /* LaunchScreen.storyboard */ = {
			isa = PBXVariantGroup;
			children = (
				F290AAE11E45790A0085F3F8 /* Base */,
			);
			name = LaunchScreen.storyboard;
			sourceTree = "<group>";
		};
/* End PBXVariantGroup section */

/* Begin XCBuildConfiguration section */
		F290AAFA1E45790A0085F3F8 /* Debug */ = {
			isa = XCBuildConfiguration;
			buildSettings = {
				ALWAYS_SEARCH_USER_PATHS = NO;
				CLANG_ANALYZER_NONNULL = YES;
				CLANG_CXX_LANGUAGE_STANDARD = "gnu++0x";
				CLANG_CXX_LIBRARY = "libc++";
				CLANG_ENABLE_MODULES = YES;
				CLANG_ENABLE_OBJC_ARC = YES;
				CLANG_WARN_BOOL_CONVERSION = YES;
				CLANG_WARN_CONSTANT_CONVERSION = YES;
				CLANG_WARN_DIRECT_OBJC_ISA_USAGE = YES_ERROR;
				CLANG_WARN_DOCUMENTATION_COMMENTS = YES;
				CLANG_WARN_EMPTY_BODY = YES;
				CLANG_WARN_ENUM_CONVERSION = YES;
				CLANG_WARN_INFINITE_RECURSION = YES;
				CLANG_WARN_INT_CONVERSION = YES;
				CLANG_WARN_OBJC_ROOT_CLASS = YES_ERROR;
				CLANG_WARN_SUSPICIOUS_MOVE = YES;
				CLANG_WARN_UNREACHABLE_CODE = YES;
				CLANG_WARN__DUPLICATE_METHOD_MATCH = YES;
				"CODE_SIGN_IDENTITY[sdk=iphoneos*]" = "iPhone Developer";
				COPY_PHASE_STRIP = NO;
				DEBUG_INFORMATION_FORMAT = dwarf;
				ENABLE_STRICT_OBJC_MSGSEND = YES;
				ENABLE_TESTABILITY = YES;
				GCC_C_LANGUAGE_STANDARD = gnu99;
				GCC_DYNAMIC_NO_PIC = NO;
				GCC_NO_COMMON_BLOCKS = YES;
				GCC_OPTIMIZATION_LEVEL = 0;
				GCC_PREPROCESSOR_DEFINITIONS = (
					"DEBUG=1",
					"$(inherited)",
				);
				GCC_WARN_64_TO_32_BIT_CONVERSION = YES;
				GCC_WARN_ABOUT_RETURN_TYPE = YES_ERROR;
				GCC_WARN_UNDECLARED_SELECTOR = YES;
				GCC_WARN_UNINITIALIZED_AUTOS = YES_AGGRESSIVE;
				GCC_WARN_UNUSED_FUNCTION = YES;
				GCC_WARN_UNUSED_VARIABLE = YES;
				IPHONEOS_DEPLOYMENT_TARGET = 10.2;
				MTL_ENABLE_DEBUG_INFO = YES;
				ONLY_ACTIVE_ARCH = YES;
				SDKROOT = iphoneos;
				SWIFT_ACTIVE_COMPILATION_CONDITIONS = DEBUG;
				SWIFT_OPTIMIZATION_LEVEL = "-Onone";
				TARGETED_DEVICE_FAMILY = "1,2";
			};
			name = Debug;
		};
		F290AAFB1E45790A0085F3F8 /* Release */ = {
			isa = XCBuildConfiguration;
			buildSettings = {
				ALWAYS_SEARCH_USER_PATHS = NO;
				CLANG_ANALYZER_NONNULL = YES;
				CLANG_CXX_LANGUAGE_STANDARD = "gnu++0x";
				CLANG_CXX_LIBRARY = "libc++";
				CLANG_ENABLE_MODULES = YES;
				CLANG_ENABLE_OBJC_ARC = YES;
				CLANG_WARN_BOOL_CONVERSION = YES;
				CLANG_WARN_CONSTANT_CONVERSION = YES;
				CLANG_WARN_DIRECT_OBJC_ISA_USAGE = YES_ERROR;
				CLANG_WARN_DOCUMENTATION_COMMENTS = YES;
				CLANG_WARN_EMPTY_BODY = YES;
				CLANG_WARN_ENUM_CONVERSION = YES;
				CLANG_WARN_INFINITE_RECURSION = YES;
				CLANG_WARN_INT_CONVERSION = YES;
				CLANG_WARN_OBJC_ROOT_CLASS = YES_ERROR;
				CLANG_WARN_SUSPICIOUS_MOVE = YES;
				CLANG_WARN_UNREACHABLE_CODE = YES;
				CLANG_WARN__DUPLICATE_METHOD_MATCH = YES;
				"CODE_SIGN_IDENTITY[sdk=iphoneos*]" = "iPhone Developer";
				COPY_PHASE_STRIP = NO;
				DEBUG_INFORMATION_FORMAT = "dwarf-with-dsym";
				ENABLE_NS_ASSERTIONS = NO;
				ENABLE_STRICT_OBJC_MSGSEND = YES;
				GCC_C_LANGUAGE_STANDARD = gnu99;
				GCC_NO_COMMON_BLOCKS = YES;
				GCC_WARN_64_TO_32_BIT_CONVERSION = YES;
				GCC_WARN_ABOUT_RETURN_TYPE = YES_ERROR;
				GCC_WARN_UNDECLARED_SELECTOR = YES;
				GCC_WARN_UNINITIALIZED_AUTOS = YES_AGGRESSIVE;
				GCC_WARN_UNUSED_FUNCTION = YES;
				GCC_WARN_UNUSED_VARIABLE = YES;
				IPHONEOS_DEPLOYMENT_TARGET = 10.2;
				MTL_ENABLE_DEBUG_INFO = NO;
				SDKROOT = iphoneos;
				SWIFT_OPTIMIZATION_LEVEL = "-Owholemodule";
				TARGETED_DEVICE_FAMILY = "1,2";
				VALIDATE_PRODUCT = YES;
			};
			name = Release;
		};
		F290AAFD1E45790A0085F3F8 /* Debug */ = {
			isa = XCBuildConfiguration;
			buildSettings = {
				ASSETCATALOG_COMPILER_APPICON_NAME = AppIcon;
				INFOPLIST_FILE = Homework1/Info.plist;
				LD_RUNPATH_SEARCH_PATHS = "$(inherited) @executable_path/Frameworks";
				PRODUCT_BUNDLE_IDENTIFIER = CSEE6998.Homework1;
				PRODUCT_NAME = "$(TARGET_NAME)";
				SWIFT_VERSION = 3.0;
			};
			name = Debug;
		};
		F290AAFE1E45790A0085F3F8 /* Release */ = {
			isa = XCBuildConfiguration;
			buildSettings = {
				ASSETCATALOG_COMPILER_APPICON_NAME = AppIcon;
				INFOPLIST_FILE = Homework1/Info.plist;
				LD_RUNPATH_SEARCH_PATHS = "$(inherited) @executable_path/Frameworks";
				PRODUCT_BUNDLE_IDENTIFIER = CSEE6998.Homework1;
				PRODUCT_NAME = "$(TARGET_NAME)";
				SWIFT_VERSION = 3.0;
			};
			name = Release;
		};
		F290AB001E45790A0085F3F8 /* Debug */ = {
			isa = XCBuildConfiguration;
			buildSettings = {
				ALWAYS_EMBED_SWIFT_STANDARD_LIBRARIES = YES;
				BUNDLE_LOADER = "$(TEST_HOST)";
				INFOPLIST_FILE = Homework1Tests/Info.plist;
				LD_RUNPATH_SEARCH_PATHS = "$(inherited) @executable_path/Frameworks @loader_path/Frameworks";
				PRODUCT_BUNDLE_IDENTIFIER = CSEE6998.Homework1Tests;
				PRODUCT_NAME = "$(TARGET_NAME)";
				SWIFT_VERSION = 3.0;
				TEST_HOST = "$(BUILT_PRODUCTS_DIR)/Homework1.app/Homework1";
			};
			name = Debug;
		};
		F290AB011E45790A0085F3F8 /* Release */ = {
			isa = XCBuildConfiguration;
			buildSettings = {
				ALWAYS_EMBED_SWIFT_STANDARD_LIBRARIES = YES;
				BUNDLE_LOADER = "$(TEST_HOST)";
				INFOPLIST_FILE = Homework1Tests/Info.plist;
				LD_RUNPATH_SEARCH_PATHS = "$(inherited) @executable_path/Frameworks @loader_path/Frameworks";
				PRODUCT_BUNDLE_IDENTIFIER = CSEE6998.Homework1Tests;
				PRODUCT_NAME = "$(TARGET_NAME)";
				SWIFT_VERSION = 3.0;
				TEST_HOST = "$(BUILT_PRODUCTS_DIR)/Homework1.app/Homework1";
			};
			name = Release;
		};
		F290AB031E45790A0085F3F8 /* Debug */ = {
			isa = XCBuildConfiguration;
			buildSettings = {
				ALWAYS_EMBED_SWIFT_STANDARD_LIBRARIES = YES;
				INFOPLIST_FILE = Homework1UITests/Info.plist;
				LD_RUNPATH_SEARCH_PATHS = "$(inherited) @executable_path/Frameworks @loader_path/Frameworks";
				PRODUCT_BUNDLE_IDENTIFIER = CSEE6998.Homework1UITests;
				PRODUCT_NAME = "$(TARGET_NAME)";
				SWIFT_VERSION = 3.0;
				TEST_TARGET_NAME = Homework1;
			};
			name = Debug;
		};
		F290AB041E45790A0085F3F8 /* Release */ = {
			isa = XCBuildConfiguration;
			buildSettings = {
				ALWAYS_EMBED_SWIFT_STANDARD_LIBRARIES = YES;
				INFOPLIST_FILE = Homework1UITests/Info.plist;
				LD_RUNPATH_SEARCH_PATHS = "$(inherited) @executable_path/Frameworks @loader_path/Frameworks";
				PRODUCT_BUNDLE_IDENTIFIER = CSEE6998.Homework1UITests;
				PRODUCT_NAME = "$(TARGET_NAME)";
				SWIFT_VERSION = 3.0;
				TEST_TARGET_NAME = Homework1;
			};
			name = Release;
		};
/* End XCBuildConfiguration section */

/* Begin XCConfigurationList section */
		F290AACF1E45790A0085F3F8 /* Build configuration list for PBXProject "Homework1" */ = {
			isa = XCConfigurationList;
			buildConfigurations = (
				F290AAFA1E45790A0085F3F8 /* Debug */,
				F290AAFB1E45790A0085F3F8 /* Release */,
			);
			defaultConfigurationIsVisible = 0;
			defaultConfigurationName = Release;
		};
		F290AAFC1E45790A0085F3F8 /* Build configuration list for PBXNativeTarget "Homework1" */ = {
			isa = XCConfigurationList;
			buildConfigurations = (
				F290AAFD1E45790A0085F3F8 /* Debug */,
				F290AAFE1E45790A0085F3F8 /* Release */,
			);
			defaultConfigurationIsVisible = 0;
			defaultConfigurationName = Release;
		};
		F290AAFF1E45790A0085F3F8 /* Build configuration list for PBXNativeTarget "Homework1Tests" */ = {
			isa = XCConfigurationList;
			buildConfigurations = (
				F290AB001E45790A0085F3F8 /* Debug */,
				F290AB011E45790A0085F3F8 /* Release */,
			);
			defaultConfigurationIsVisible = 0;
			defaultConfigurationName = Release;
		};
		F290AB021E45790A0085F3F8 /* Build configuration list for PBXNativeTarget "Homework1UITests" */ = {
			isa = XCConfigurationList;
			buildConfigurations = (
				F290AB031E45790A0085F3F8 /* Debug */,
				F290AB041E45790A0085F3F8 /* Release */,
			);
			defaultConfigurationIsVisible = 0;
			defaultConfigurationName = Release;
		};
/* End XCConfigurationList section */
	};
	rootObject = F290AACC1E45790A0085F3F8 /* Project object */;
}
